
Microsoft Visual Studio Solution File, Format Version 12.00
# Visual Studio 15
VisualStudioVersion = 15.0.28307.1321
MinimumVisualStudioVersion = 10.0.40219.1
Project("{FAE04EC0-301F-11D3-BF4B-00C04F79EFBC}") = "AlgorytmGenetyczny3", "AlgorytmGenetyczny3\AlgorytmGenetyczny3.csproj", "{E746D96F-D98E-492A-877E-AFAA4EBD4C06}"
EndProject
Global
	GlobalSection(SolutionConfigurationPlatforms) = preSolution
		Debug|Any CPU = Debug|Any CPU
		Release|Any CPU = Release|Any CPU
	EndGlobalSection
	GlobalSection(ProjectConfigurationPlatforms) = postSolution
		{E746D96F-D98E-492A-877E-AFAA4EBD4C06}.Debug|Any CPU.ActiveCfg = Debug|Any CPU
		{E746D96F-D98E-492A-877E-AFAA4EBD4C06}.Debug|Any CPU.Build.0 = Debug|Any CPU
		{E746D96F-D98E-492A-877E-AFAA4EBD4C06}.Release|Any CPU.ActiveCfg = Release|Any CPU
		{E746D96F-D98E-492A-877E-AFAA4EBD4C06}.Release|Any CPU.Build.0 = Release|Any CPU
	EndGlobalSection
	GlobalSection(SolutionProperties) = preSolution
		HideSolutionNode = FALSE
	EndGlobalSection
	GlobalSection(ExtensibilityGlobals) = postSolution
		SolutionGuid = {3F6CAA4C-2F71-4C04-8770-01B22CAF87CD}
	EndGlobalSection
EndGlobal
