
Microsoft Visual Studio Solution File, Format Version 12.00
# Visual Studio 15
VisualStudioVersion = 15.0.28307.1267
MinimumVisualStudioVersion = 10.0.40219.1
Project("{FAE04EC0-301F-11D3-BF4B-00C04F79EFBC}") = "AlgorytmGenetyczny", "AlgorytmGenetyczny\AlgorytmGenetyczny.csproj", "{47C1B437-D4F2-4BFB-92B4-8D94500967DA}"
EndProject
Global
	GlobalSection(SolutionConfigurationPlatforms) = preSolution
		Debug|Any CPU = Debug|Any CPU
		Release|Any CPU = Release|Any CPU
	EndGlobalSection
	GlobalSection(ProjectConfigurationPlatforms) = postSolution
		{47C1B437-D4F2-4BFB-92B4-8D94500967DA}.Debug|Any CPU.ActiveCfg = Debug|Any CPU
		{47C1B437-D4F2-4BFB-92B4-8D94500967DA}.Debug|Any CPU.Build.0 = Debug|Any CPU
		{47C1B437-D4F2-4BFB-92B4-8D94500967DA}.Release|Any CPU.ActiveCfg = Release|Any CPU
		{47C1B437-D4F2-4BFB-92B4-8D94500967DA}.Release|Any CPU.Build.0 = Release|Any CPU
	EndGlobalSection
	GlobalSection(SolutionProperties) = preSolution
		HideSolutionNode = FALSE
	EndGlobalSection
	GlobalSection(ExtensibilityGlobals) = postSolution
		SolutionGuid = {BAE231A4-CD53-4AFD-94AE-70FF93256369}
	EndGlobalSection
EndGlobal
