
Microsoft Visual Studio Solution File, Format Version 12.00
# Visual Studio 15
VisualStudioVersion = 15.0.28307.1300
MinimumVisualStudioVersion = 10.0.40219.1
Project("{FAE04EC0-301F-11D3-BF4B-00C04F79EFBC}") = "AlgorytmGenetyczny2", "AlgorytmGenetyczny2\AlgorytmGenetyczny2.csproj", "{11A0EF57-95D7-42D1-9CF8-EAD925C4E280}"
EndProject
Global
	GlobalSection(SolutionConfigurationPlatforms) = preSolution
		Debug|Any CPU = Debug|Any CPU
		Release|Any CPU = Release|Any CPU
	EndGlobalSection
	GlobalSection(ProjectConfigurationPlatforms) = postSolution
		{11A0EF57-95D7-42D1-9CF8-EAD925C4E280}.Debug|Any CPU.ActiveCfg = Debug|Any CPU
		{11A0EF57-95D7-42D1-9CF8-EAD925C4E280}.Debug|Any CPU.Build.0 = Debug|Any CPU
		{11A0EF57-95D7-42D1-9CF8-EAD925C4E280}.Release|Any CPU.ActiveCfg = Release|Any CPU
		{11A0EF57-95D7-42D1-9CF8-EAD925C4E280}.Release|Any CPU.Build.0 = Release|Any CPU
	EndGlobalSection
	GlobalSection(SolutionProperties) = preSolution
		HideSolutionNode = FALSE
	EndGlobalSection
	GlobalSection(ExtensibilityGlobals) = postSolution
		SolutionGuid = {6FFEBE29-F2E3-4F15-8E90-5B4C9427B68E}
	EndGlobalSection
EndGlobal
