
Microsoft Visual Studio Solution File, Format Version 12.00
# Visual Studio Version 16
VisualStudioVersion = 16.0.31005.135
MinimumVisualStudioVersion = 10.0.40219.1
Project("{FAE04EC0-301F-11D3-BF4B-00C04F79EFBC}") = "APIRabbitMiddleWare", "APIRabbitMiddleWare\APIRabbitMiddleWare.csproj", "{9347B627-4280-4CE9-B932-7D98FA064F0F}"
EndProject
Global
	GlobalSection(SolutionConfigurationPlatforms) = preSolution
		Debug|Any CPU = Debug|Any CPU
		Release|Any CPU = Release|Any CPU
	EndGlobalSection
	GlobalSection(ProjectConfigurationPlatforms) = postSolution
		{9347B627-4280-4CE9-B932-7D98FA064F0F}.Debug|Any CPU.ActiveCfg = Debug|Any CPU
		{9347B627-4280-4CE9-B932-7D98FA064F0F}.Debug|Any CPU.Build.0 = Debug|Any CPU
		{9347B627-4280-4CE9-B932-7D98FA064F0F}.Release|Any CPU.ActiveCfg = Release|Any CPU
		{9347B627-4280-4CE9-B932-7D98FA064F0F}.Release|Any CPU.Build.0 = Release|Any CPU
	EndGlobalSection
	GlobalSection(SolutionProperties) = preSolution
		HideSolutionNode = FALSE
	EndGlobalSection
	GlobalSection(ExtensibilityGlobals) = postSolution
		SolutionGuid = {5D8EFB09-B474-49FF-A196-ACB44901E2D4}
	EndGlobalSection
EndGlobal
